
Microsoft Visual Studio Solution File, Format Version 12.00
Project("{FAE04EC0-301F-11D3-BF4B-00C04F79EFBC}") = "_01_RecursionExample", "_01_RecursionExample\_01_RecursionExample.csproj", "{FAC78A3C-3E6B-4C29-BF2D-299F338DFA4A}"
EndProject
Project("{FAE04EC0-301F-11D3-BF4B-00C04F79EFBC}") = "_01_LinearSearch", "_01_LinearSearch\_01_LinearSearch.csproj", "{C4D88E77-0E2D-4F47-B597-8C20DAA75CF4}"
EndProject
Project("{2150E333-8FDC-42A3-9474-1A3956D46DE8}") = "01Recursion", "01Recursion", "{45F62108-F614-4431-8225-E00F90742223}"
EndProject
Project("{2150E333-8FDC-42A3-9474-1A3956D46DE8}") = "02SearchingAlgorithms", "02SearchingAlgorithms", "{CDF9173C-F5DC-4045-A113-5CADB1BE740F}"
EndProject
Project("{FAE04EC0-301F-11D3-BF4B-00C04F79EFBC}") = "_02_TailVsHeadRecursion", "_02_TailVsHeadRecursion\_02_TailVsHeadRecursion.csproj", "{8B18D0DB-F3E6-46A8-956D-377544BA7171}"
EndProject
Project("{FAE04EC0-301F-11D3-BF4B-00C04F79EFBC}") = "_03_SumOfNNumbers", "_03_SumOfNNumbers\_03_SumOfNNumbers.csproj", "{6CFB6D14-D183-43E7-B4FA-DBC5EFA5629A}"
EndProject
Project("{FAE04EC0-301F-11D3-BF4B-00C04F79EFBC}") = "_04_Factorial", "_04_Factorial\_04_Factorial.csproj", "{C298F641-AB7E-42F3-9D38-95DAA905775D}"
EndProject
Project("{FAE04EC0-301F-11D3-BF4B-00C04F79EFBC}") = "_02_BinarySearch", "_02_BinarySearch\_02_BinarySearch.csproj", "{8C71D017-AF2F-4BBC-BB62-D566382A94ED}"
EndProject
Project("{2150E333-8FDC-42A3-9474-1A3956D46DE8}") = "03SortingAlgorithms", "03SortingAlgorithms", "{3447F6C8-A7FE-4C87-AFB7-9CD9A6E2AA66}"
EndProject
Project("{FAE04EC0-301F-11D3-BF4B-00C04F79EFBC}") = "_01_SelectionSort", "_01_SelectionSort\_01_SelectionSort.csproj", "{3C620D1B-4222-4260-9BD8-66A82F25D86E}"
EndProject
Project("{FAE04EC0-301F-11D3-BF4B-00C04F79EFBC}") = "_02_InsertionSort", "_02_InsertionSort\_02_InsertionSort.csproj", "{A6C22C72-3E0A-404A-84F9-FA7D08204914}"
EndProject
Project("{FAE04EC0-301F-11D3-BF4B-00C04F79EFBC}") = "_03_BubbleSort", "_03_BubbleSort\_03_BubbleSort.csproj", "{9FDD9852-6410-48EC-84A8-DE37547DF400}"
EndProject
Project("{FAE04EC0-301F-11D3-BF4B-00C04F79EFBC}") = "_04_ShellSort", "_04_ShellSort\_04_ShellSort.csproj", "{F90503D2-9228-4A8A-89C6-943226CAF5EF}"
EndProject
Project("{FAE04EC0-301F-11D3-BF4B-00C04F79EFBC}") = "_05_MergeSort", "_05_MergeSort\_05_MergeSort.csproj", "{D6C453F4-CCEA-4763-9AB3-071224DDE084}"
EndProject
Project("{FAE04EC0-301F-11D3-BF4B-00C04F79EFBC}") = "_06_Quicksort", "_06_Quicksort\_06_Quicksort.csproj", "{379A206B-3024-4945-A94D-A74937AB99ED}"
EndProject
Project("{2150E333-8FDC-42A3-9474-1A3956D46DE8}") = "04LinkedList", "04LinkedList", "{129DBC92-ED3E-4576-9114-EE20A485352F}"
EndProject
Project("{FAE04EC0-301F-11D3-BF4B-00C04F79EFBC}") = "_01_LinkedList", "_01_LinkedList\_01_LinkedList.csproj", "{3670772F-9425-4276-8D0A-986FE7637C6E}"
EndProject
Global
	GlobalSection(SolutionConfigurationPlatforms) = preSolution
		Debug|Any CPU = Debug|Any CPU
		Release|Any CPU = Release|Any CPU
	EndGlobalSection
	GlobalSection(ProjectConfigurationPlatforms) = postSolution
		{FAC78A3C-3E6B-4C29-BF2D-299F338DFA4A}.Debug|Any CPU.ActiveCfg = Debug|Any CPU
		{FAC78A3C-3E6B-4C29-BF2D-299F338DFA4A}.Debug|Any CPU.Build.0 = Debug|Any CPU
		{FAC78A3C-3E6B-4C29-BF2D-299F338DFA4A}.Release|Any CPU.ActiveCfg = Release|Any CPU
		{FAC78A3C-3E6B-4C29-BF2D-299F338DFA4A}.Release|Any CPU.Build.0 = Release|Any CPU
		{C4D88E77-0E2D-4F47-B597-8C20DAA75CF4}.Debug|Any CPU.ActiveCfg = Debug|Any CPU
		{C4D88E77-0E2D-4F47-B597-8C20DAA75CF4}.Debug|Any CPU.Build.0 = Debug|Any CPU
		{C4D88E77-0E2D-4F47-B597-8C20DAA75CF4}.Release|Any CPU.ActiveCfg = Release|Any CPU
		{C4D88E77-0E2D-4F47-B597-8C20DAA75CF4}.Release|Any CPU.Build.0 = Release|Any CPU
		{8B18D0DB-F3E6-46A8-956D-377544BA7171}.Debug|Any CPU.ActiveCfg = Debug|Any CPU
		{8B18D0DB-F3E6-46A8-956D-377544BA7171}.Debug|Any CPU.Build.0 = Debug|Any CPU
		{8B18D0DB-F3E6-46A8-956D-377544BA7171}.Release|Any CPU.ActiveCfg = Release|Any CPU
		{8B18D0DB-F3E6-46A8-956D-377544BA7171}.Release|Any CPU.Build.0 = Release|Any CPU
		{6CFB6D14-D183-43E7-B4FA-DBC5EFA5629A}.Debug|Any CPU.ActiveCfg = Debug|Any CPU
		{6CFB6D14-D183-43E7-B4FA-DBC5EFA5629A}.Debug|Any CPU.Build.0 = Debug|Any CPU
		{6CFB6D14-D183-43E7-B4FA-DBC5EFA5629A}.Release|Any CPU.ActiveCfg = Release|Any CPU
		{6CFB6D14-D183-43E7-B4FA-DBC5EFA5629A}.Release|Any CPU.Build.0 = Release|Any CPU
		{C298F641-AB7E-42F3-9D38-95DAA905775D}.Debug|Any CPU.ActiveCfg = Debug|Any CPU
		{C298F641-AB7E-42F3-9D38-95DAA905775D}.Debug|Any CPU.Build.0 = Debug|Any CPU
		{C298F641-AB7E-42F3-9D38-95DAA905775D}.Release|Any CPU.ActiveCfg = Release|Any CPU
		{C298F641-AB7E-42F3-9D38-95DAA905775D}.Release|Any CPU.Build.0 = Release|Any CPU
		{8C71D017-AF2F-4BBC-BB62-D566382A94ED}.Debug|Any CPU.ActiveCfg = Debug|Any CPU
		{8C71D017-AF2F-4BBC-BB62-D566382A94ED}.Debug|Any CPU.Build.0 = Debug|Any CPU
		{8C71D017-AF2F-4BBC-BB62-D566382A94ED}.Release|Any CPU.ActiveCfg = Release|Any CPU
		{8C71D017-AF2F-4BBC-BB62-D566382A94ED}.Release|Any CPU.Build.0 = Release|Any CPU
		{3C620D1B-4222-4260-9BD8-66A82F25D86E}.Debug|Any CPU.ActiveCfg = Debug|Any CPU
		{3C620D1B-4222-4260-9BD8-66A82F25D86E}.Debug|Any CPU.Build.0 = Debug|Any CPU
		{3C620D1B-4222-4260-9BD8-66A82F25D86E}.Release|Any CPU.ActiveCfg = Release|Any CPU
		{3C620D1B-4222-4260-9BD8-66A82F25D86E}.Release|Any CPU.Build.0 = Release|Any CPU
		{A6C22C72-3E0A-404A-84F9-FA7D08204914}.Debug|Any CPU.ActiveCfg = Debug|Any CPU
		{A6C22C72-3E0A-404A-84F9-FA7D08204914}.Debug|Any CPU.Build.0 = Debug|Any CPU
		{A6C22C72-3E0A-404A-84F9-FA7D08204914}.Release|Any CPU.ActiveCfg = Release|Any CPU
		{A6C22C72-3E0A-404A-84F9-FA7D08204914}.Release|Any CPU.Build.0 = Release|Any CPU
		{9FDD9852-6410-48EC-84A8-DE37547DF400}.Debug|Any CPU.ActiveCfg = Debug|Any CPU
		{9FDD9852-6410-48EC-84A8-DE37547DF400}.Debug|Any CPU.Build.0 = Debug|Any CPU
		{9FDD9852-6410-48EC-84A8-DE37547DF400}.Release|Any CPU.ActiveCfg = Release|Any CPU
		{9FDD9852-6410-48EC-84A8-DE37547DF400}.Release|Any CPU.Build.0 = Release|Any CPU
		{F90503D2-9228-4A8A-89C6-943226CAF5EF}.Debug|Any CPU.ActiveCfg = Debug|Any CPU
		{F90503D2-9228-4A8A-89C6-943226CAF5EF}.Debug|Any CPU.Build.0 = Debug|Any CPU
		{F90503D2-9228-4A8A-89C6-943226CAF5EF}.Release|Any CPU.ActiveCfg = Release|Any CPU
		{F90503D2-9228-4A8A-89C6-943226CAF5EF}.Release|Any CPU.Build.0 = Release|Any CPU
		{D6C453F4-CCEA-4763-9AB3-071224DDE084}.Debug|Any CPU.ActiveCfg = Debug|Any CPU
		{D6C453F4-CCEA-4763-9AB3-071224DDE084}.Debug|Any CPU.Build.0 = Debug|Any CPU
		{D6C453F4-CCEA-4763-9AB3-071224DDE084}.Release|Any CPU.ActiveCfg = Release|Any CPU
		{D6C453F4-CCEA-4763-9AB3-071224DDE084}.Release|Any CPU.Build.0 = Release|Any CPU
		{379A206B-3024-4945-A94D-A74937AB99ED}.Debug|Any CPU.ActiveCfg = Debug|Any CPU
		{379A206B-3024-4945-A94D-A74937AB99ED}.Debug|Any CPU.Build.0 = Debug|Any CPU
		{379A206B-3024-4945-A94D-A74937AB99ED}.Release|Any CPU.ActiveCfg = Release|Any CPU
		{379A206B-3024-4945-A94D-A74937AB99ED}.Release|Any CPU.Build.0 = Release|Any CPU
		{3670772F-9425-4276-8D0A-986FE7637C6E}.Debug|Any CPU.ActiveCfg = Debug|Any CPU
		{3670772F-9425-4276-8D0A-986FE7637C6E}.Debug|Any CPU.Build.0 = Debug|Any CPU
		{3670772F-9425-4276-8D0A-986FE7637C6E}.Release|Any CPU.ActiveCfg = Release|Any CPU
		{3670772F-9425-4276-8D0A-986FE7637C6E}.Release|Any CPU.Build.0 = Release|Any CPU
	EndGlobalSection
	GlobalSection(NestedProjects) = preSolution
		{FAC78A3C-3E6B-4C29-BF2D-299F338DFA4A} = {45F62108-F614-4431-8225-E00F90742223}
		{C4D88E77-0E2D-4F47-B597-8C20DAA75CF4} = {CDF9173C-F5DC-4045-A113-5CADB1BE740F}
		{8B18D0DB-F3E6-46A8-956D-377544BA7171} = {45F62108-F614-4431-8225-E00F90742223}
		{6CFB6D14-D183-43E7-B4FA-DBC5EFA5629A} = {45F62108-F614-4431-8225-E00F90742223}
		{C298F641-AB7E-42F3-9D38-95DAA905775D} = {45F62108-F614-4431-8225-E00F90742223}
		{8C71D017-AF2F-4BBC-BB62-D566382A94ED} = {CDF9173C-F5DC-4045-A113-5CADB1BE740F}
		{3C620D1B-4222-4260-9BD8-66A82F25D86E} = {3447F6C8-A7FE-4C87-AFB7-9CD9A6E2AA66}
		{A6C22C72-3E0A-404A-84F9-FA7D08204914} = {3447F6C8-A7FE-4C87-AFB7-9CD9A6E2AA66}
		{9FDD9852-6410-48EC-84A8-DE37547DF400} = {3447F6C8-A7FE-4C87-AFB7-9CD9A6E2AA66}
		{F90503D2-9228-4A8A-89C6-943226CAF5EF} = {3447F6C8-A7FE-4C87-AFB7-9CD9A6E2AA66}
		{D6C453F4-CCEA-4763-9AB3-071224DDE084} = {3447F6C8-A7FE-4C87-AFB7-9CD9A6E2AA66}
		{379A206B-3024-4945-A94D-A74937AB99ED} = {3447F6C8-A7FE-4C87-AFB7-9CD9A6E2AA66}
		{3670772F-9425-4276-8D0A-986FE7637C6E} = {129DBC92-ED3E-4576-9114-EE20A485352F}
	EndGlobalSection
EndGlobal
